
Microsoft Visual Studio Solution File, Format Version 12.00
# Visual Studio 2017
Project("{FAE04EC0-301F-11D3-BF4B-00C04F79EFBC}") = "Mansion", "Mansion.csproj", "{1E4EA382-8489-4FDB-909B-0372414C7B0F}"
EndProject
Project("{FAE04EC0-301F-11D3-BF4B-00C04F79EFBC}") = "Mansion.Editor", "Mansion.Editor.csproj", "{503863AE-6B5B-45E4-E11D-3D03397E76F3}"
EndProject
Global
	GlobalSection(SolutionConfigurationPlatforms) = preSolution
		Debug|Any CPU = Debug|Any CPU
		Release|Any CPU = Release|Any CPU
	EndGlobalSection
	GlobalSection(ProjectConfigurationPlatforms) = postSolution
		{1E4EA382-8489-4FDB-909B-0372414C7B0F}.Debug|Any CPU.ActiveCfg = Debug|Any CPU
		{1E4EA382-8489-4FDB-909B-0372414C7B0F}.Debug|Any CPU.Build.0 = Debug|Any CPU
		{1E4EA382-8489-4FDB-909B-0372414C7B0F}.Release|Any CPU.ActiveCfg = Release|Any CPU
		{1E4EA382-8489-4FDB-909B-0372414C7B0F}.Release|Any CPU.Build.0 = Release|Any CPU
		{503863AE-6B5B-45E4-E11D-3D03397E76F3}.Debug|Any CPU.ActiveCfg = Debug|Any CPU
		{503863AE-6B5B-45E4-E11D-3D03397E76F3}.Debug|Any CPU.Build.0 = Debug|Any CPU
		{503863AE-6B5B-45E4-E11D-3D03397E76F3}.Release|Any CPU.ActiveCfg = Release|Any CPU
		{503863AE-6B5B-45E4-E11D-3D03397E76F3}.Release|Any CPU.Build.0 = Release|Any CPU
	EndGlobalSection
	GlobalSection(SolutionProperties) = preSolution
		HideSolutionNode = FALSE
	EndGlobalSection
EndGlobal
